{
  "name": "gif",
  "version": "0.0.6",
  "lockfileVersion": 1,
  "requires": true,
  "dependencies": {
    "typescript": {
      "version": "3.0.3",
      "resolved": "http://registry.npm.taobao.org/typescript/download/typescript-3.0.3.tgz",
      "integrity": "sha1-SFOz4nXs2qJ/eP2kbcJzp+t/wcg=",
      "dev": true
    }
  }
}
